
Microsoft Visual Studio Solution File, Format Version 12.00
# Visual Studio Version 17
VisualStudioVersion = 17.7.34018.315
MinimumVisualStudioVersion = 10.0.40219.1
Project("{FAE04EC0-301F-11D3-BF4B-00C04F79EFBC}") = "MoneyInEvery", "MoneyInEvery\MoneyInEvery.csproj", "{2300E2C5-50BB-40B8-A3B5-BA66D4CC0D2C}"
EndProject
Global
	GlobalSection(SolutionConfigurationPlatforms) = preSolution
		Debug|Any CPU = Debug|Any CPU
		Release|Any CPU = Release|Any CPU
	EndGlobalSection
	GlobalSection(ProjectConfigurationPlatforms) = postSolution
		{2300E2C5-50BB-40B8-A3B5-BA66D4CC0D2C}.Debug|Any CPU.ActiveCfg = Debug|Any CPU
		{2300E2C5-50BB-40B8-A3B5-BA66D4CC0D2C}.Debug|Any CPU.Build.0 = Debug|Any CPU
		{2300E2C5-50BB-40B8-A3B5-BA66D4CC0D2C}.Release|Any CPU.ActiveCfg = Release|Any CPU
		{2300E2C5-50BB-40B8-A3B5-BA66D4CC0D2C}.Release|Any CPU.Build.0 = Release|Any CPU
	EndGlobalSection
	GlobalSection(SolutionProperties) = preSolution
		HideSolutionNode = FALSE
	EndGlobalSection
	GlobalSection(ExtensibilityGlobals) = postSolution
		SolutionGuid = {65513150-163A-498E-8624-1D07FEAA9B85}
	EndGlobalSection
EndGlobal
